
Microsoft Visual Studio Solution File, Format Version 12.00
# Visual Studio 15
Project("{FAE04EC0-301F-11D3-BF4B-00C04F79EFBC}") = "Oculus.Platform", "Oculus.Platform.csproj", "{6835A7C6-BE23-13CD-4ADA-2562F4752589}"
EndProject
Project("{FAE04EC0-301F-11D3-BF4B-00C04F79EFBC}") = "Assembly-CSharp", "Assembly-CSharp.csproj", "{5BAFC8CF-BAE4-208F-A5D2-AB1A85ED218C}"
EndProject
Project("{FAE04EC0-301F-11D3-BF4B-00C04F79EFBC}") = "Oculus.Spatializer", "Oculus.Spatializer.csproj", "{D7013200-D4E4-D488-C553-A9B422751E23}"
EndProject
Project("{FAE04EC0-301F-11D3-BF4B-00C04F79EFBC}") = "Meta.WitAi", "Meta.WitAi.csproj", "{72E661BB-34CB-750E-00F4-605FAA6A5DA0}"
EndProject
Project("{FAE04EC0-301F-11D3-BF4B-00C04F79EFBC}") = "Oculus.Interaction", "Oculus.Interaction.csproj", "{2F7310B1-45F5-10E6-6297-0380B0B45365}"
EndProject
Project("{FAE04EC0-301F-11D3-BF4B-00C04F79EFBC}") = "Oculus.Interaction.OVR.Samples", "Oculus.Interaction.OVR.Samples.csproj", "{FC3C8469-44B3-FCB7-F2A4-58FD5CD3FBAF}"
EndProject
Project("{FAE04EC0-301F-11D3-BF4B-00C04F79EFBC}") = "Oculus.VR", "Oculus.VR.csproj", "{FD350126-CDD8-29F6-0AF9-461AC2702CAD}"
EndProject
Project("{FAE04EC0-301F-11D3-BF4B-00C04F79EFBC}") = "VoiceSDK.Dictation.Runtime", "VoiceSDK.Dictation.Runtime.csproj", "{6B13C15D-7954-59D3-1517-660A1B9F6736}"
EndProject
Project("{FAE04EC0-301F-11D3-BF4B-00C04F79EFBC}") = "Meta.WitAi.TTS", "Meta.WitAi.TTS.csproj", "{E758F726-AD53-B722-64F1-EAC31F81471A}"
EndProject
Project("{FAE04EC0-301F-11D3-BF4B-00C04F79EFBC}") = "Meta.WitAi.Lib", "Meta.WitAi.Lib.csproj", "{D53AB158-FC33-5264-9153-6E582CEDB0AC}"
EndProject
Project("{FAE04EC0-301F-11D3-BF4B-00C04F79EFBC}") = "Oculus.AudioManager", "Oculus.AudioManager.csproj", "{A11E188C-B2E5-E6BB-7B40-D60F494FFCB3}"
EndProject
Project("{FAE04EC0-301F-11D3-BF4B-00C04F79EFBC}") = "Meta.Voice.Hub.Runtime", "Meta.Voice.Hub.Runtime.csproj", "{CC63DDD9-D4A7-2D9A-2F75-DDB59F19D63A}"
EndProject
Project("{FAE04EC0-301F-11D3-BF4B-00C04F79EFBC}") = "VoiceSDK.Runtime", "VoiceSDK.Runtime.csproj", "{5E25AC08-D937-0197-F88F-022973C72997}"
EndProject
Project("{FAE04EC0-301F-11D3-BF4B-00C04F79EFBC}") = "Facebook.Wit.Dictation", "Facebook.Wit.Dictation.csproj", "{E0EB761A-ABFB-7630-CF78-B04E9DA6F629}"
EndProject
Project("{FAE04EC0-301F-11D3-BF4B-00C04F79EFBC}") = "Meta.WitAi.TTS.Samples", "Meta.WitAi.TTS.Samples.csproj", "{97E27500-4D8A-9B86-22EF-7A0B19DE7EC5}"
EndProject
Project("{FAE04EC0-301F-11D3-BF4B-00C04F79EFBC}") = "Oculus.Voice.Demo", "Oculus.Voice.Demo.csproj", "{3FEC6E45-A964-181C-25B0-3321B0EF3A8E}"
EndProject
Project("{FAE04EC0-301F-11D3-BF4B-00C04F79EFBC}") = "Oculus.Interaction.OVR", "Oculus.Interaction.OVR.csproj", "{E01C6305-9EFD-4B35-E9A5-0DA534AC50F2}"
EndProject
Project("{FAE04EC0-301F-11D3-BF4B-00C04F79EFBC}") = "AssistantCoreSDKRuntime", "AssistantCoreSDKRuntime.csproj", "{1C478BDD-2918-DE4E-0889-6EDFF7294455}"
EndProject
Project("{FAE04EC0-301F-11D3-BF4B-00C04F79EFBC}") = "Meta.WitAi.Conduit", "Meta.WitAi.Conduit.csproj", "{C8F9E761-A7E9-97A1-A792-8ACE191DCA65}"
EndProject
Project("{FAE04EC0-301F-11D3-BF4B-00C04F79EFBC}") = "Oculus.LipSync", "Oculus.LipSync.csproj", "{58B8612B-5E9B-80FA-2130-2D720ED3A06E}"
EndProject
Project("{FAE04EC0-301F-11D3-BF4B-00C04F79EFBC}") = "Meta.VoiceSDK.Mic.Other", "Meta.VoiceSDK.Mic.Other.csproj", "{C19005CD-FCBC-558D-E535-CA3095B57A9B}"
EndProject
Project("{FAE04EC0-301F-11D3-BF4B-00C04F79EFBC}") = "Meta.VoiceSDK.Mic.Common", "Meta.VoiceSDK.Mic.Common.csproj", "{8A3C494C-8228-7FE7-A1A5-64EE7989DE0E}"
EndProject
Project("{FAE04EC0-301F-11D3-BF4B-00C04F79EFBC}") = "Meta.VoiceSDK.Mic.WebGL", "Meta.VoiceSDK.Mic.WebGL.csproj", "{D0C550F7-8D19-E465-6F66-F4D951736D83}"
EndProject
Project("{FAE04EC0-301F-11D3-BF4B-00C04F79EFBC}") = "Meta.WitAi.Editor", "Meta.WitAi.Editor.csproj", "{22E5F07F-4DEB-151B-140B-F3475DFE4E10}"
EndProject
Project("{FAE04EC0-301F-11D3-BF4B-00C04F79EFBC}") = "Oculus.Interaction.Editor", "Oculus.Interaction.Editor.csproj", "{9B996A08-6F4E-F640-3941-1DA8E3CDE34F}"
EndProject
Project("{FAE04EC0-301F-11D3-BF4B-00C04F79EFBC}") = "Meta.Voice.Hub.Editor", "Meta.Voice.Hub.Editor.csproj", "{31920888-B516-9607-E87E-F367AA66217F}"
EndProject
Project("{FAE04EC0-301F-11D3-BF4B-00C04F79EFBC}") = "Meta.WitAI.Lib.Editor", "Meta.WitAI.Lib.Editor.csproj", "{314D5117-B18F-AA2D-8ECF-B45BD6261410}"
EndProject
Project("{FAE04EC0-301F-11D3-BF4B-00C04F79EFBC}") = "Oculus.VR.Editor", "Oculus.VR.Editor.csproj", "{508A6B64-1480-AF71-3CDA-B12AE9E8CDF1}"
EndProject
Project("{FAE04EC0-301F-11D3-BF4B-00C04F79EFBC}") = "Meta.WitAi.Conduit.Editor", "Meta.WitAi.Conduit.Editor.csproj", "{23BCB0BA-5069-4B2C-192A-919EECFD27CD}"
EndProject
Project("{FAE04EC0-301F-11D3-BF4B-00C04F79EFBC}") = "Oculus.Interaction.OVR.Editor", "Oculus.Interaction.OVR.Editor.csproj", "{05DF5D86-E82A-9134-F0F3-F7E3C54C69BE}"
EndProject
Project("{FAE04EC0-301F-11D3-BF4B-00C04F79EFBC}") = "Assembly-CSharp-Editor", "Assembly-CSharp-Editor.csproj", "{E018D0FD-C596-83F1-38AE-09467265CB85}"
EndProject
Project("{FAE04EC0-301F-11D3-BF4B-00C04F79EFBC}") = "Oculus.Interaction.Samples.Editor", "Oculus.Interaction.Samples.Editor.csproj", "{13ACA484-1F76-4296-A0E4-A6B0E6217B75}"
EndProject
Project("{FAE04EC0-301F-11D3-BF4B-00C04F79EFBC}") = "Oculus.VR.Scripts.Editor", "Oculus.VR.Scripts.Editor.csproj", "{6A2150D6-FB65-6B27-9C11-CF66081FB346}"
EndProject
Project("{FAE04EC0-301F-11D3-BF4B-00C04F79EFBC}") = "VoiceSDK.Editor", "VoiceSDK.Editor.csproj", "{7976429C-66A6-2EC5-E0C3-8C8C4F444FA4}"
EndProject
Project("{FAE04EC0-301F-11D3-BF4B-00C04F79EFBC}") = "Oculus.Spatializer.Editor", "Oculus.Spatializer.Editor.csproj", "{885C74B6-2684-A064-3E72-DD260D4A44B8}"
EndProject
Project("{FAE04EC0-301F-11D3-BF4B-00C04F79EFBC}") = "Meta.WitAi.TTS.Editor", "Meta.WitAi.TTS.Editor.csproj", "{97211F2D-111F-2996-956D-81812FD658A6}"
EndProject
Project("{FAE04EC0-301F-11D3-BF4B-00C04F79EFBC}") = "Facebook.Wit.Dictation.Editor", "Facebook.Wit.Dictation.Editor.csproj", "{ADAE826F-AFD5-1E60-AB36-6B92C941820E}"
EndProject
Project("{FAE04EC0-301F-11D3-BF4B-00C04F79EFBC}") = "Oculus.Platform.Editor", "Oculus.Platform.Editor.csproj", "{E0659286-2FD6-1F49-721C-842F78D6B365}"
EndProject
Project("{FAE04EC0-301F-11D3-BF4B-00C04F79EFBC}") = "VoiceSDK.Dictation.Editor", "VoiceSDK.Dictation.Editor.csproj", "{5826A900-D57D-4175-92A9-29CB4B1AC67E}"
EndProject
Project("{FAE04EC0-301F-11D3-BF4B-00C04F79EFBC}") = "Oculus.AudioManager.Audio.Editor", "Oculus.AudioManager.Audio.Editor.csproj", "{6A921450-4321-4050-5949-B22BB36F5127}"
EndProject
Project("{FAE04EC0-301F-11D3-BF4B-00C04F79EFBC}") = "Oculus.Interaction.InterfaceSupport", "Oculus.Interaction.InterfaceSupport.csproj", "{06ECB0FB-5139-20D0-6EEB-F3BE7C1CA85C}"
EndProject
Project("{FAE04EC0-301F-11D3-BF4B-00C04F79EFBC}") = "Oculus.LipSync.Editor", "Oculus.LipSync.Editor.csproj", "{2EC0059D-1292-614A-02BE-F6210B173361}"
EndProject
Project("{FAE04EC0-301F-11D3-BF4B-00C04F79EFBC}") = "Meta.Voice.VSDKHub.Editor", "Meta.Voice.VSDKHub.Editor.csproj", "{C0216A88-4B2A-5564-7AC5-CC2EDDB32905}"
EndProject
Project("{FAE04EC0-301F-11D3-BF4B-00C04F79EFBC}") = "AssistantCoreSDKEditor", "AssistantCoreSDKEditor.csproj", "{B9A9DD6F-71BA-84E5-8C6E-6E6535572E54}"
EndProject
Project("{FAE04EC0-301F-11D3-BF4B-00C04F79EFBC}") = "Oculus.AudioManager.Utils.Editor", "Oculus.AudioManager.Utils.Editor.csproj", "{2474E18C-D81F-9E7D-11F5-567812F3268B}"
EndProject
Global
	GlobalSection(SolutionConfigurationPlatforms) = preSolution
		Debug|Any CPU = Debug|Any CPU
		Release|Any CPU = Release|Any CPU
	EndGlobalSection
	GlobalSection(ProjectConfigurationPlatforms) = postSolution
		{6835A7C6-BE23-13CD-4ADA-2562F4752589}.Debug|Any CPU.ActiveCfg = Debug|Any CPU
		{6835A7C6-BE23-13CD-4ADA-2562F4752589}.Debug|Any CPU.Build.0 = Debug|Any CPU
		{6835A7C6-BE23-13CD-4ADA-2562F4752589}.Release|Any CPU.ActiveCfg = Release|Any CPU
		{6835A7C6-BE23-13CD-4ADA-2562F4752589}.Release|Any CPU.Build.0 = Release|Any CPU
		{5BAFC8CF-BAE4-208F-A5D2-AB1A85ED218C}.Debug|Any CPU.ActiveCfg = Debug|Any CPU
		{5BAFC8CF-BAE4-208F-A5D2-AB1A85ED218C}.Debug|Any CPU.Build.0 = Debug|Any CPU
		{5BAFC8CF-BAE4-208F-A5D2-AB1A85ED218C}.Release|Any CPU.ActiveCfg = Release|Any CPU
		{5BAFC8CF-BAE4-208F-A5D2-AB1A85ED218C}.Release|Any CPU.Build.0 = Release|Any CPU
		{D7013200-D4E4-D488-C553-A9B422751E23}.Debug|Any CPU.ActiveCfg = Debug|Any CPU
		{D7013200-D4E4-D488-C553-A9B422751E23}.Debug|Any CPU.Build.0 = Debug|Any CPU
		{D7013200-D4E4-D488-C553-A9B422751E23}.Release|Any CPU.ActiveCfg = Release|Any CPU
		{D7013200-D4E4-D488-C553-A9B422751E23}.Release|Any CPU.Build.0 = Release|Any CPU
		{72E661BB-34CB-750E-00F4-605FAA6A5DA0}.Debug|Any CPU.ActiveCfg = Debug|Any CPU
		{72E661BB-34CB-750E-00F4-605FAA6A5DA0}.Debug|Any CPU.Build.0 = Debug|Any CPU
		{72E661BB-34CB-750E-00F4-605FAA6A5DA0}.Release|Any CPU.ActiveCfg = Release|Any CPU
		{72E661BB-34CB-750E-00F4-605FAA6A5DA0}.Release|Any CPU.Build.0 = Release|Any CPU
		{2F7310B1-45F5-10E6-6297-0380B0B45365}.Debug|Any CPU.ActiveCfg = Debug|Any CPU
		{2F7310B1-45F5-10E6-6297-0380B0B45365}.Debug|Any CPU.Build.0 = Debug|Any CPU
		{2F7310B1-45F5-10E6-6297-0380B0B45365}.Release|Any CPU.ActiveCfg = Release|Any CPU
		{2F7310B1-45F5-10E6-6297-0380B0B45365}.Release|Any CPU.Build.0 = Release|Any CPU
		{FC3C8469-44B3-FCB7-F2A4-58FD5CD3FBAF}.Debug|Any CPU.ActiveCfg = Debug|Any CPU
		{FC3C8469-44B3-FCB7-F2A4-58FD5CD3FBAF}.Debug|Any CPU.Build.0 = Debug|Any CPU
		{FC3C8469-44B3-FCB7-F2A4-58FD5CD3FBAF}.Release|Any CPU.ActiveCfg = Release|Any CPU
		{FC3C8469-44B3-FCB7-F2A4-58FD5CD3FBAF}.Release|Any CPU.Build.0 = Release|Any CPU
		{FD350126-CDD8-29F6-0AF9-461AC2702CAD}.Debug|Any CPU.ActiveCfg = Debug|Any CPU
		{FD350126-CDD8-29F6-0AF9-461AC2702CAD}.Debug|Any CPU.Build.0 = Debug|Any CPU
		{FD350126-CDD8-29F6-0AF9-461AC2702CAD}.Release|Any CPU.ActiveCfg = Release|Any CPU
		{FD350126-CDD8-29F6-0AF9-461AC2702CAD}.Release|Any CPU.Build.0 = Release|Any CPU
		{6B13C15D-7954-59D3-1517-660A1B9F6736}.Debug|Any CPU.ActiveCfg = Debug|Any CPU
		{6B13C15D-7954-59D3-1517-660A1B9F6736}.Debug|Any CPU.Build.0 = Debug|Any CPU
		{6B13C15D-7954-59D3-1517-660A1B9F6736}.Release|Any CPU.ActiveCfg = Release|Any CPU
		{6B13C15D-7954-59D3-1517-660A1B9F6736}.Release|Any CPU.Build.0 = Release|Any CPU
		{E758F726-AD53-B722-64F1-EAC31F81471A}.Debug|Any CPU.ActiveCfg = Debug|Any CPU
		{E758F726-AD53-B722-64F1-EAC31F81471A}.Debug|Any CPU.Build.0 = Debug|Any CPU
		{E758F726-AD53-B722-64F1-EAC31F81471A}.Release|Any CPU.ActiveCfg = Release|Any CPU
		{E758F726-AD53-B722-64F1-EAC31F81471A}.Release|Any CPU.Build.0 = Release|Any CPU
		{D53AB158-FC33-5264-9153-6E582CEDB0AC}.Debug|Any CPU.ActiveCfg = Debug|Any CPU
		{D53AB158-FC33-5264-9153-6E582CEDB0AC}.Debug|Any CPU.Build.0 = Debug|Any CPU
		{D53AB158-FC33-5264-9153-6E582CEDB0AC}.Release|Any CPU.ActiveCfg = Release|Any CPU
		{D53AB158-FC33-5264-9153-6E582CEDB0AC}.Release|Any CPU.Build.0 = Release|Any CPU
		{A11E188C-B2E5-E6BB-7B40-D60F494FFCB3}.Debug|Any CPU.ActiveCfg = Debug|Any CPU
		{A11E188C-B2E5-E6BB-7B40-D60F494FFCB3}.Debug|Any CPU.Build.0 = Debug|Any CPU
		{A11E188C-B2E5-E6BB-7B40-D60F494FFCB3}.Release|Any CPU.ActiveCfg = Release|Any CPU
		{A11E188C-B2E5-E6BB-7B40-D60F494FFCB3}.Release|Any CPU.Build.0 = Release|Any CPU
		{CC63DDD9-D4A7-2D9A-2F75-DDB59F19D63A}.Debug|Any CPU.ActiveCfg = Debug|Any CPU
		{CC63DDD9-D4A7-2D9A-2F75-DDB59F19D63A}.Debug|Any CPU.Build.0 = Debug|Any CPU
		{CC63DDD9-D4A7-2D9A-2F75-DDB59F19D63A}.Release|Any CPU.ActiveCfg = Release|Any CPU
		{CC63DDD9-D4A7-2D9A-2F75-DDB59F19D63A}.Release|Any CPU.Build.0 = Release|Any CPU
		{5E25AC08-D937-0197-F88F-022973C72997}.Debug|Any CPU.ActiveCfg = Debug|Any CPU
		{5E25AC08-D937-0197-F88F-022973C72997}.Debug|Any CPU.Build.0 = Debug|Any CPU
		{5E25AC08-D937-0197-F88F-022973C72997}.Release|Any CPU.ActiveCfg = Release|Any CPU
		{5E25AC08-D937-0197-F88F-022973C72997}.Release|Any CPU.Build.0 = Release|Any CPU
		{E0EB761A-ABFB-7630-CF78-B04E9DA6F629}.Debug|Any CPU.ActiveCfg = Debug|Any CPU
		{E0EB761A-ABFB-7630-CF78-B04E9DA6F629}.Debug|Any CPU.Build.0 = Debug|Any CPU
		{E0EB761A-ABFB-7630-CF78-B04E9DA6F629}.Release|Any CPU.ActiveCfg = Release|Any CPU
		{E0EB761A-ABFB-7630-CF78-B04E9DA6F629}.Release|Any CPU.Build.0 = Release|Any CPU
		{97E27500-4D8A-9B86-22EF-7A0B19DE7EC5}.Debug|Any CPU.ActiveCfg = Debug|Any CPU
		{97E27500-4D8A-9B86-22EF-7A0B19DE7EC5}.Debug|Any CPU.Build.0 = Debug|Any CPU
		{97E27500-4D8A-9B86-22EF-7A0B19DE7EC5}.Release|Any CPU.ActiveCfg = Release|Any CPU
		{97E27500-4D8A-9B86-22EF-7A0B19DE7EC5}.Release|Any CPU.Build.0 = Release|Any CPU
		{3FEC6E45-A964-181C-25B0-3321B0EF3A8E}.Debug|Any CPU.ActiveCfg = Debug|Any CPU
		{3FEC6E45-A964-181C-25B0-3321B0EF3A8E}.Debug|Any CPU.Build.0 = Debug|Any CPU
		{3FEC6E45-A964-181C-25B0-3321B0EF3A8E}.Release|Any CPU.ActiveCfg = Release|Any CPU
		{3FEC6E45-A964-181C-25B0-3321B0EF3A8E}.Release|Any CPU.Build.0 = Release|Any CPU
		{E01C6305-9EFD-4B35-E9A5-0DA534AC50F2}.Debug|Any CPU.ActiveCfg = Debug|Any CPU
		{E01C6305-9EFD-4B35-E9A5-0DA534AC50F2}.Debug|Any CPU.Build.0 = Debug|Any CPU
		{E01C6305-9EFD-4B35-E9A5-0DA534AC50F2}.Release|Any CPU.ActiveCfg = Release|Any CPU
		{E01C6305-9EFD-4B35-E9A5-0DA534AC50F2}.Release|Any CPU.Build.0 = Release|Any CPU
		{1C478BDD-2918-DE4E-0889-6EDFF7294455}.Debug|Any CPU.ActiveCfg = Debug|Any CPU
		{1C478BDD-2918-DE4E-0889-6EDFF7294455}.Debug|Any CPU.Build.0 = Debug|Any CPU
		{1C478BDD-2918-DE4E-0889-6EDFF7294455}.Release|Any CPU.ActiveCfg = Release|Any CPU
		{1C478BDD-2918-DE4E-0889-6EDFF7294455}.Release|Any CPU.Build.0 = Release|Any CPU
		{C8F9E761-A7E9-97A1-A792-8ACE191DCA65}.Debug|Any CPU.ActiveCfg = Debug|Any CPU
		{C8F9E761-A7E9-97A1-A792-8ACE191DCA65}.Debug|Any CPU.Build.0 = Debug|Any CPU
		{C8F9E761-A7E9-97A1-A792-8ACE191DCA65}.Release|Any CPU.ActiveCfg = Release|Any CPU
		{C8F9E761-A7E9-97A1-A792-8ACE191DCA65}.Release|Any CPU.Build.0 = Release|Any CPU
		{58B8612B-5E9B-80FA-2130-2D720ED3A06E}.Debug|Any CPU.ActiveCfg = Debug|Any CPU
		{58B8612B-5E9B-80FA-2130-2D720ED3A06E}.Debug|Any CPU.Build.0 = Debug|Any CPU
		{58B8612B-5E9B-80FA-2130-2D720ED3A06E}.Release|Any CPU.ActiveCfg = Release|Any CPU
		{58B8612B-5E9B-80FA-2130-2D720ED3A06E}.Release|Any CPU.Build.0 = Release|Any CPU
		{C19005CD-FCBC-558D-E535-CA3095B57A9B}.Debug|Any CPU.ActiveCfg = Debug|Any CPU
		{C19005CD-FCBC-558D-E535-CA3095B57A9B}.Debug|Any CPU.Build.0 = Debug|Any CPU
		{C19005CD-FCBC-558D-E535-CA3095B57A9B}.Release|Any CPU.ActiveCfg = Release|Any CPU
		{C19005CD-FCBC-558D-E535-CA3095B57A9B}.Release|Any CPU.Build.0 = Release|Any CPU
		{8A3C494C-8228-7FE7-A1A5-64EE7989DE0E}.Debug|Any CPU.ActiveCfg = Debug|Any CPU
		{8A3C494C-8228-7FE7-A1A5-64EE7989DE0E}.Debug|Any CPU.Build.0 = Debug|Any CPU
		{8A3C494C-8228-7FE7-A1A5-64EE7989DE0E}.Release|Any CPU.ActiveCfg = Release|Any CPU
		{8A3C494C-8228-7FE7-A1A5-64EE7989DE0E}.Release|Any CPU.Build.0 = Release|Any CPU
		{D0C550F7-8D19-E465-6F66-F4D951736D83}.Debug|Any CPU.ActiveCfg = Debug|Any CPU
		{D0C550F7-8D19-E465-6F66-F4D951736D83}.Debug|Any CPU.Build.0 = Debug|Any CPU
		{D0C550F7-8D19-E465-6F66-F4D951736D83}.Release|Any CPU.ActiveCfg = Release|Any CPU
		{D0C550F7-8D19-E465-6F66-F4D951736D83}.Release|Any CPU.Build.0 = Release|Any CPU
		{22E5F07F-4DEB-151B-140B-F3475DFE4E10}.Debug|Any CPU.ActiveCfg = Debug|Any CPU
		{22E5F07F-4DEB-151B-140B-F3475DFE4E10}.Debug|Any CPU.Build.0 = Debug|Any CPU
		{22E5F07F-4DEB-151B-140B-F3475DFE4E10}.Release|Any CPU.ActiveCfg = Release|Any CPU
		{22E5F07F-4DEB-151B-140B-F3475DFE4E10}.Release|Any CPU.Build.0 = Release|Any CPU
		{9B996A08-6F4E-F640-3941-1DA8E3CDE34F}.Debug|Any CPU.ActiveCfg = Debug|Any CPU
		{9B996A08-6F4E-F640-3941-1DA8E3CDE34F}.Debug|Any CPU.Build.0 = Debug|Any CPU
		{9B996A08-6F4E-F640-3941-1DA8E3CDE34F}.Release|Any CPU.ActiveCfg = Release|Any CPU
		{9B996A08-6F4E-F640-3941-1DA8E3CDE34F}.Release|Any CPU.Build.0 = Release|Any CPU
		{31920888-B516-9607-E87E-F367AA66217F}.Debug|Any CPU.ActiveCfg = Debug|Any CPU
		{31920888-B516-9607-E87E-F367AA66217F}.Debug|Any CPU.Build.0 = Debug|Any CPU
		{31920888-B516-9607-E87E-F367AA66217F}.Release|Any CPU.ActiveCfg = Release|Any CPU
		{31920888-B516-9607-E87E-F367AA66217F}.Release|Any CPU.Build.0 = Release|Any CPU
		{314D5117-B18F-AA2D-8ECF-B45BD6261410}.Debug|Any CPU.ActiveCfg = Debug|Any CPU
		{314D5117-B18F-AA2D-8ECF-B45BD6261410}.Debug|Any CPU.Build.0 = Debug|Any CPU
		{314D5117-B18F-AA2D-8ECF-B45BD6261410}.Release|Any CPU.ActiveCfg = Release|Any CPU
		{314D5117-B18F-AA2D-8ECF-B45BD6261410}.Release|Any CPU.Build.0 = Release|Any CPU
		{508A6B64-1480-AF71-3CDA-B12AE9E8CDF1}.Debug|Any CPU.ActiveCfg = Debug|Any CPU
		{508A6B64-1480-AF71-3CDA-B12AE9E8CDF1}.Debug|Any CPU.Build.0 = Debug|Any CPU
		{508A6B64-1480-AF71-3CDA-B12AE9E8CDF1}.Release|Any CPU.ActiveCfg = Release|Any CPU
		{508A6B64-1480-AF71-3CDA-B12AE9E8CDF1}.Release|Any CPU.Build.0 = Release|Any CPU
		{23BCB0BA-5069-4B2C-192A-919EECFD27CD}.Debug|Any CPU.ActiveCfg = Debug|Any CPU
		{23BCB0BA-5069-4B2C-192A-919EECFD27CD}.Debug|Any CPU.Build.0 = Debug|Any CPU
		{23BCB0BA-5069-4B2C-192A-919EECFD27CD}.Release|Any CPU.ActiveCfg = Release|Any CPU
		{23BCB0BA-5069-4B2C-192A-919EECFD27CD}.Release|Any CPU.Build.0 = Release|Any CPU
		{05DF5D86-E82A-9134-F0F3-F7E3C54C69BE}.Debug|Any CPU.ActiveCfg = Debug|Any CPU
		{05DF5D86-E82A-9134-F0F3-F7E3C54C69BE}.Debug|Any CPU.Build.0 = Debug|Any CPU
		{05DF5D86-E82A-9134-F0F3-F7E3C54C69BE}.Release|Any CPU.ActiveCfg = Release|Any CPU
		{05DF5D86-E82A-9134-F0F3-F7E3C54C69BE}.Release|Any CPU.Build.0 = Release|Any CPU
		{E018D0FD-C596-83F1-38AE-09467265CB85}.Debug|Any CPU.ActiveCfg = Debug|Any CPU
		{E018D0FD-C596-83F1-38AE-09467265CB85}.Debug|Any CPU.Build.0 = Debug|Any CPU
		{E018D0FD-C596-83F1-38AE-09467265CB85}.Release|Any CPU.ActiveCfg = Release|Any CPU
		{E018D0FD-C596-83F1-38AE-09467265CB85}.Release|Any CPU.Build.0 = Release|Any CPU
		{13ACA484-1F76-4296-A0E4-A6B0E6217B75}.Debug|Any CPU.ActiveCfg = Debug|Any CPU
		{13ACA484-1F76-4296-A0E4-A6B0E6217B75}.Debug|Any CPU.Build.0 = Debug|Any CPU
		{13ACA484-1F76-4296-A0E4-A6B0E6217B75}.Release|Any CPU.ActiveCfg = Release|Any CPU
		{13ACA484-1F76-4296-A0E4-A6B0E6217B75}.Release|Any CPU.Build.0 = Release|Any CPU
		{6A2150D6-FB65-6B27-9C11-CF66081FB346}.Debug|Any CPU.ActiveCfg = Debug|Any CPU
		{6A2150D6-FB65-6B27-9C11-CF66081FB346}.Debug|Any CPU.Build.0 = Debug|Any CPU
		{6A2150D6-FB65-6B27-9C11-CF66081FB346}.Release|Any CPU.ActiveCfg = Release|Any CPU
		{6A2150D6-FB65-6B27-9C11-CF66081FB346}.Release|Any CPU.Build.0 = Release|Any CPU
		{7976429C-66A6-2EC5-E0C3-8C8C4F444FA4}.Debug|Any CPU.ActiveCfg = Debug|Any CPU
		{7976429C-66A6-2EC5-E0C3-8C8C4F444FA4}.Debug|Any CPU.Build.0 = Debug|Any CPU
		{7976429C-66A6-2EC5-E0C3-8C8C4F444FA4}.Release|Any CPU.ActiveCfg = Release|Any CPU
		{7976429C-66A6-2EC5-E0C3-8C8C4F444FA4}.Release|Any CPU.Build.0 = Release|Any CPU
		{885C74B6-2684-A064-3E72-DD260D4A44B8}.Debug|Any CPU.ActiveCfg = Debug|Any CPU
		{885C74B6-2684-A064-3E72-DD260D4A44B8}.Debug|Any CPU.Build.0 = Debug|Any CPU
		{885C74B6-2684-A064-3E72-DD260D4A44B8}.Release|Any CPU.ActiveCfg = Release|Any CPU
		{885C74B6-2684-A064-3E72-DD260D4A44B8}.Release|Any CPU.Build.0 = Release|Any CPU
		{97211F2D-111F-2996-956D-81812FD658A6}.Debug|Any CPU.ActiveCfg = Debug|Any CPU
		{97211F2D-111F-2996-956D-81812FD658A6}.Debug|Any CPU.Build.0 = Debug|Any CPU
		{97211F2D-111F-2996-956D-81812FD658A6}.Release|Any CPU.ActiveCfg = Release|Any CPU
		{97211F2D-111F-2996-956D-81812FD658A6}.Release|Any CPU.Build.0 = Release|Any CPU
		{ADAE826F-AFD5-1E60-AB36-6B92C941820E}.Debug|Any CPU.ActiveCfg = Debug|Any CPU
		{ADAE826F-AFD5-1E60-AB36-6B92C941820E}.Debug|Any CPU.Build.0 = Debug|Any CPU
		{ADAE826F-AFD5-1E60-AB36-6B92C941820E}.Release|Any CPU.ActiveCfg = Release|Any CPU
		{ADAE826F-AFD5-1E60-AB36-6B92C941820E}.Release|Any CPU.Build.0 = Release|Any CPU
		{E0659286-2FD6-1F49-721C-842F78D6B365}.Debug|Any CPU.ActiveCfg = Debug|Any CPU
		{E0659286-2FD6-1F49-721C-842F78D6B365}.Debug|Any CPU.Build.0 = Debug|Any CPU
		{E0659286-2FD6-1F49-721C-842F78D6B365}.Release|Any CPU.ActiveCfg = Release|Any CPU
		{E0659286-2FD6-1F49-721C-842F78D6B365}.Release|Any CPU.Build.0 = Release|Any CPU
		{5826A900-D57D-4175-92A9-29CB4B1AC67E}.Debug|Any CPU.ActiveCfg = Debug|Any CPU
		{5826A900-D57D-4175-92A9-29CB4B1AC67E}.Debug|Any CPU.Build.0 = Debug|Any CPU
		{5826A900-D57D-4175-92A9-29CB4B1AC67E}.Release|Any CPU.ActiveCfg = Release|Any CPU
		{5826A900-D57D-4175-92A9-29CB4B1AC67E}.Release|Any CPU.Build.0 = Release|Any CPU
		{6A921450-4321-4050-5949-B22BB36F5127}.Debug|Any CPU.ActiveCfg = Debug|Any CPU
		{6A921450-4321-4050-5949-B22BB36F5127}.Debug|Any CPU.Build.0 = Debug|Any CPU
		{6A921450-4321-4050-5949-B22BB36F5127}.Release|Any CPU.ActiveCfg = Release|Any CPU
		{6A921450-4321-4050-5949-B22BB36F5127}.Release|Any CPU.Build.0 = Release|Any CPU
		{06ECB0FB-5139-20D0-6EEB-F3BE7C1CA85C}.Debug|Any CPU.ActiveCfg = Debug|Any CPU
		{06ECB0FB-5139-20D0-6EEB-F3BE7C1CA85C}.Debug|Any CPU.Build.0 = Debug|Any CPU
		{06ECB0FB-5139-20D0-6EEB-F3BE7C1CA85C}.Release|Any CPU.ActiveCfg = Release|Any CPU
		{06ECB0FB-5139-20D0-6EEB-F3BE7C1CA85C}.Release|Any CPU.Build.0 = Release|Any CPU
		{2EC0059D-1292-614A-02BE-F6210B173361}.Debug|Any CPU.ActiveCfg = Debug|Any CPU
		{2EC0059D-1292-614A-02BE-F6210B173361}.Debug|Any CPU.Build.0 = Debug|Any CPU
		{2EC0059D-1292-614A-02BE-F6210B173361}.Release|Any CPU.ActiveCfg = Release|Any CPU
		{2EC0059D-1292-614A-02BE-F6210B173361}.Release|Any CPU.Build.0 = Release|Any CPU
		{C0216A88-4B2A-5564-7AC5-CC2EDDB32905}.Debug|Any CPU.ActiveCfg = Debug|Any CPU
		{C0216A88-4B2A-5564-7AC5-CC2EDDB32905}.Debug|Any CPU.Build.0 = Debug|Any CPU
		{C0216A88-4B2A-5564-7AC5-CC2EDDB32905}.Release|Any CPU.ActiveCfg = Release|Any CPU
		{C0216A88-4B2A-5564-7AC5-CC2EDDB32905}.Release|Any CPU.Build.0 = Release|Any CPU
		{B9A9DD6F-71BA-84E5-8C6E-6E6535572E54}.Debug|Any CPU.ActiveCfg = Debug|Any CPU
		{B9A9DD6F-71BA-84E5-8C6E-6E6535572E54}.Debug|Any CPU.Build.0 = Debug|Any CPU
		{B9A9DD6F-71BA-84E5-8C6E-6E6535572E54}.Release|Any CPU.ActiveCfg = Release|Any CPU
		{B9A9DD6F-71BA-84E5-8C6E-6E6535572E54}.Release|Any CPU.Build.0 = Release|Any CPU
		{2474E18C-D81F-9E7D-11F5-567812F3268B}.Debug|Any CPU.ActiveCfg = Debug|Any CPU
		{2474E18C-D81F-9E7D-11F5-567812F3268B}.Debug|Any CPU.Build.0 = Debug|Any CPU
		{2474E18C-D81F-9E7D-11F5-567812F3268B}.Release|Any CPU.ActiveCfg = Release|Any CPU
		{2474E18C-D81F-9E7D-11F5-567812F3268B}.Release|Any CPU.Build.0 = Release|Any CPU
	EndGlobalSection
	GlobalSection(SolutionProperties) = preSolution
		HideSolutionNode = FALSE
	EndGlobalSection
EndGlobal
